
Microsoft Visual Studio Solution File, Format Version 12.00
# Visual Studio Version 17
VisualStudioVersion = 17.6.33829.357
MinimumVisualStudioVersion = 10.0.40219.1
Project("{FAE04EC0-301F-11D3-BF4B-00C04F79EFBC}") = "GetCompanyBranch", "GetCompanyBranch\GetCompanyBranch.csproj", "{5DE49CEE-B1B4-4360-BB47-1EAF0D0FEE07}"
EndProject
Global
	GlobalSection(SolutionConfigurationPlatforms) = preSolution
		Debug|Any CPU = Debug|Any CPU
		Release|Any CPU = Release|Any CPU
	EndGlobalSection
	GlobalSection(ProjectConfigurationPlatforms) = postSolution
		{5DE49CEE-B1B4-4360-BB47-1EAF0D0FEE07}.Debug|Any CPU.ActiveCfg = Debug|Any CPU
		{5DE49CEE-B1B4-4360-BB47-1EAF0D0FEE07}.Debug|Any CPU.Build.0 = Debug|Any CPU
		{5DE49CEE-B1B4-4360-BB47-1EAF0D0FEE07}.Release|Any CPU.ActiveCfg = Release|Any CPU
		{5DE49CEE-B1B4-4360-BB47-1EAF0D0FEE07}.Release|Any CPU.Build.0 = Release|Any CPU
	EndGlobalSection
	GlobalSection(SolutionProperties) = preSolution
		HideSolutionNode = FALSE
	EndGlobalSection
	GlobalSection(ExtensibilityGlobals) = postSolution
		SolutionGuid = {20246B3B-BE4D-44DE-9B8E-BE9B1AE992C0}
	EndGlobalSection
EndGlobal
