
Microsoft Visual Studio Solution File, Format Version 12.00
# Visual Studio Version 16
VisualStudioVersion = 16.0.30225.117
MinimumVisualStudioVersion = 10.0.40219.1
Project("{159641D6-6404-4A2A-AE62-294DE0FE8301}") = "ETL_Update_AttachmentStage", "ETL_Update_AttachmentStage\ETL_Update_AttachmentStage.dtproj", "{12525B2F-633C-4042-9B50-CB7465DA8191}"
EndProject
Global
	GlobalSection(SolutionConfigurationPlatforms) = preSolution
		Development|Default = Development|Default
	EndGlobalSection
	GlobalSection(ProjectConfigurationPlatforms) = postSolution
		{12525B2F-633C-4042-9B50-CB7465DA8191}.Development|Default.ActiveCfg = Development
		{12525B2F-633C-4042-9B50-CB7465DA8191}.Development|Default.Build.0 = Development
	EndGlobalSection
	GlobalSection(SolutionProperties) = preSolution
		HideSolutionNode = FALSE
	EndGlobalSection
	GlobalSection(ExtensibilityGlobals) = postSolution
		SolutionGuid = {2901050A-E062-49C3-BC3C-88E6C45D7B57}
	EndGlobalSection
EndGlobal
