
Microsoft Visual Studio Solution File, Format Version 12.00
# Visual Studio Version 17
VisualStudioVersion = 17.4.33205.214
MinimumVisualStudioVersion = 10.0.40219.1
Project("{FAE04EC0-301F-11D3-BF4B-00C04F79EFBC}") = "ReportCallInfo", "ReportCallInfo\ReportCallInfo.csproj", "{FCA2E36C-858A-492A-A0D7-D2DFE0E400A4}"
EndProject
Global
	GlobalSection(SolutionConfigurationPlatforms) = preSolution
		Debug|Any CPU = Debug|Any CPU
		Release|Any CPU = Release|Any CPU
	EndGlobalSection
	GlobalSection(ProjectConfigurationPlatforms) = postSolution
		{FCA2E36C-858A-492A-A0D7-D2DFE0E400A4}.Debug|Any CPU.ActiveCfg = Release|Any CPU
		{FCA2E36C-858A-492A-A0D7-D2DFE0E400A4}.Debug|Any CPU.Build.0 = Release|Any CPU
		{FCA2E36C-858A-492A-A0D7-D2DFE0E400A4}.Release|Any CPU.ActiveCfg = Release|Any CPU
		{FCA2E36C-858A-492A-A0D7-D2DFE0E400A4}.Release|Any CPU.Build.0 = Release|Any CPU
	EndGlobalSection
	GlobalSection(SolutionProperties) = preSolution
		HideSolutionNode = FALSE
	EndGlobalSection
	GlobalSection(ExtensibilityGlobals) = postSolution
		SolutionGuid = {0091A65E-6027-4418-90B7-3D0D4F7E289A}
	EndGlobalSection
EndGlobal
